// !$*UTF8*$!
{
	archiveVersion = 1;
	classes = {
	};
	objectVersion = 50;
	objects = {

/* Begin PBXBuildFile section */
		E009B31C2A42FC2C0065A776 /* AddBinary.swift in Sources */ = {isa = PBXBuildFile; fileRef = E009B31B2A42FC2C0065A776 /* AddBinary.swift */; };
		E009B31E2A47E41D0065A776 /* CheckOverlap.swift in Sources */ = {isa = PBXBuildFile; fileRef = E009B31D2A47E41D0065A776 /* CheckOverlap.swift */; };
		E009B3202A4822510065A776 /* DeleteDuplicates.swift in Sources */ = {isa = PBXBuildFile; fileRef = E009B31F2A4822510065A776 /* DeleteDuplicates.swift */; };
		E009B3222A483D650065A776 /* IsSameTree.swift in Sources */ = {isa = PBXBuildFile; fileRef = E009B3212A483D650065A776 /* IsSameTree.swift */; };
		E0BCFDCF26C0C8050026F5AC /* AppDelegate.swift in Sources */ = {isa = PBXBuildFile; fileRef = E0BCFDCE26C0C8050026F5AC /* AppDelegate.swift */; };
		E0BCFDD126C0C8050026F5AC /* SceneDelegate.swift in Sources */ = {isa = PBXBuildFile; fileRef = E0BCFDD026C0C8050026F5AC /* SceneDelegate.swift */; };
		E0BCFDD326C0C8050026F5AC /* ViewController.swift in Sources */ = {isa = PBXBuildFile; fileRef = E0BCFDD226C0C8050026F5AC /* ViewController.swift */; };
		E0BCFDD626C0C8050026F5AC /* Main.storyboard in Resources */ = {isa = PBXBuildFile; fileRef = E0BCFDD426C0C8050026F5AC /* Main.storyboard */; };
		E0BCFDD826C0C8080026F5AC /* Assets.xcassets in Resources */ = {isa = PBXBuildFile; fileRef = E0BCFDD726C0C8080026F5AC /* Assets.xcassets */; };
		E0BCFDDB26C0C8080026F5AC /* LaunchScreen.storyboard in Resources */ = {isa = PBXBuildFile; fileRef = E0BCFDD926C0C8080026F5AC /* LaunchScreen.storyboard */; };
		E0BCFDE426C0C82B0026F5AC /* IsUgly.swift in Sources */ = {isa = PBXBuildFile; fileRef = E0BCFDE326C0C82B0026F5AC /* IsUgly.swift */; };
		E0BCFDEB26C0FF880026F5AC /* KWeakestRows.swift in Sources */ = {isa = PBXBuildFile; fileRef = E0BCFDEA26C0FF880026F5AC /* KWeakestRows.swift */; };
		E0BCFDF226C10C3F0026F5AC /* ConvertString.swift in Sources */ = {isa = PBXBuildFile; fileRef = E0BCFDF126C10C3F0026F5AC /* ConvertString.swift */; };
		E0BCFDF526C115460026F5AC /* MyAtoi.swift in Sources */ = {isa = PBXBuildFile; fileRef = E0BCFDF426C115460026F5AC /* MyAtoi.swift */; };
		E0BCFDF826C141A20026F5AC /* RomanNumber.swift in Sources */ = {isa = PBXBuildFile; fileRef = E0BCFDF726C141A20026F5AC /* RomanNumber.swift */; };
		E0BCFF0C26C21A3C0026F5AC /* ArithmeticSlices.swift in Sources */ = {isa = PBXBuildFile; fileRef = E0BCFF0B26C21A3C0026F5AC /* ArithmeticSlices.swift */; };
		E0BCFF0F26C25CD20026F5AC /* ThreeSumClosest.swift in Sources */ = {isa = PBXBuildFile; fileRef = E0BCFF0E26C25CD20026F5AC /* ThreeSumClosest.swift */; };
		E0BCFF1226C27DAD0026F5AC /* LetterCombinations.swift in Sources */ = {isa = PBXBuildFile; fileRef = E0BCFF1126C27DAC0026F5AC /* LetterCombinations.swift */; };
		E0BCFF1526C284BE0026F5AC /* RemoveNthFromEnd.swift in Sources */ = {isa = PBXBuildFile; fileRef = E0BCFF1426C284BE0026F5AC /* RemoveNthFromEnd.swift */; };
		E0BCFF1826C294A60026F5AC /* ValidBrackets.swift in Sources */ = {isa = PBXBuildFile; fileRef = E0BCFF1726C294A60026F5AC /* ValidBrackets.swift */; };
		E0BCFF1B26C3A0120026F5AC /* IsPrefixString.swift in Sources */ = {isa = PBXBuildFile; fileRef = E0BCFF1A26C3A0120026F5AC /* IsPrefixString.swift */; };
		E0BCFF1E26C3BB870026F5AC /* RemoveDuplicates.swift in Sources */ = {isa = PBXBuildFile; fileRef = E0BCFF1D26C3BB870026F5AC /* RemoveDuplicates.swift */; };
		E0BCFF2126C4BB110026F5AC /* LongestPalindromeSubseq.swift in Sources */ = {isa = PBXBuildFile; fileRef = E0BCFF2026C4BB110026F5AC /* LongestPalindromeSubseq.swift */; };
		E0BCFF2426C4F5020026F5AC /* SearchArray.swift in Sources */ = {isa = PBXBuildFile; fileRef = E0BCFF2326C4F5020026F5AC /* SearchArray.swift */; };
		E0BCFF2726C50E4F0026F5AC /* IsValidSudoku.swift in Sources */ = {isa = PBXBuildFile; fileRef = E0BCFF2626C50E4F0026F5AC /* IsValidSudoku.swift */; };
		E0BCFF2A26C5170A0026F5AC /* CountAndSay.swift in Sources */ = {isa = PBXBuildFile; fileRef = E0BCFF2926C5170A0026F5AC /* CountAndSay.swift */; };
		E0BCFF2D26C521280026F5AC /* CombinationSum.swift in Sources */ = {isa = PBXBuildFile; fileRef = E0BCFF2C26C521280026F5AC /* CombinationSum.swift */; };
		E0BCFF3026C523700026F5AC /* FirstMissingPositive.swift in Sources */ = {isa = PBXBuildFile; fileRef = E0BCFF2F26C523700026F5AC /* FirstMissingPositive.swift */; };
		E0BCFF6926C611E80026F5AC /* CountDigitOne.swift in Sources */ = {isa = PBXBuildFile; fileRef = E0BCFF6826C611E80026F5AC /* CountDigitOne.swift */; };
		E0BCFF6C26C646760026F5AC /* StringMultiply.swift in Sources */ = {isa = PBXBuildFile; fileRef = E0BCFF6B26C646760026F5AC /* StringMultiply.swift */; };
		E0BCFF6F26C64E370026F5AC /* RotateArray.swift in Sources */ = {isa = PBXBuildFile; fileRef = E0BCFF6E26C64E370026F5AC /* RotateArray.swift */; };
/* End PBXBuildFile section */

/* Begin PBXFileReference section */
		E009B31B2A42FC2C0065A776 /* AddBinary.swift */ = {isa = PBXFileReference; lastKnownFileType = sourcecode.swift; path = AddBinary.swift; sourceTree = "<group>"; };
		E009B31D2A47E41D0065A776 /* CheckOverlap.swift */ = {isa = PBXFileReference; lastKnownFileType = sourcecode.swift; path = CheckOverlap.swift; sourceTree = "<group>"; };
		E009B31F2A4822510065A776 /* DeleteDuplicates.swift */ = {isa = PBXFileReference; lastKnownFileType = sourcecode.swift; path = DeleteDuplicates.swift; sourceTree = "<group>"; };
		E009B3212A483D650065A776 /* IsSameTree.swift */ = {isa = PBXFileReference; lastKnownFileType = sourcecode.swift; path = IsSameTree.swift; sourceTree = "<group>"; wrapsLines = 1; };
		E0BCFDCB26C0C8050026F5AC /* Algorithm.app */ = {isa = PBXFileReference; explicitFileType = wrapper.application; includeInIndex = 0; path = Algorithm.app; sourceTree = BUILT_PRODUCTS_DIR; };
		E0BCFDCE26C0C8050026F5AC /* AppDelegate.swift */ = {isa = PBXFileReference; lastKnownFileType = sourcecode.swift; path = AppDelegate.swift; sourceTree = "<group>"; };
		E0BCFDD026C0C8050026F5AC /* SceneDelegate.swift */ = {isa = PBXFileReference; lastKnownFileType = sourcecode.swift; path = SceneDelegate.swift; sourceTree = "<group>"; };
		E0BCFDD226C0C8050026F5AC /* ViewController.swift */ = {isa = PBXFileReference; lastKnownFileType = sourcecode.swift; path = ViewController.swift; sourceTree = "<group>"; };
		E0BCFDD526C0C8050026F5AC /* Base */ = {isa = PBXFileReference; lastKnownFileType = file.storyboard; name = Base; path = Base.lproj/Main.storyboard; sourceTree = "<group>"; };
		E0BCFDD726C0C8080026F5AC /* Assets.xcassets */ = {isa = PBXFileReference; lastKnownFileType = folder.assetcatalog; path = Assets.xcassets; sourceTree = "<group>"; };
		E0BCFDDA26C0C8080026F5AC /* Base */ = {isa = PBXFileReference; lastKnownFileType = file.storyboard; name = Base; path = Base.lproj/LaunchScreen.storyboard; sourceTree = "<group>"; };
		E0BCFDDC26C0C8080026F5AC /* Info.plist */ = {isa = PBXFileReference; lastKnownFileType = text.plist.xml; path = Info.plist; sourceTree = "<group>"; };
		E0BCFDE326C0C82B0026F5AC /* IsUgly.swift */ = {isa = PBXFileReference; lastKnownFileType = sourcecode.swift; path = IsUgly.swift; sourceTree = "<group>"; };
		E0BCFDEA26C0FF880026F5AC /* KWeakestRows.swift */ = {isa = PBXFileReference; lastKnownFileType = sourcecode.swift; path = KWeakestRows.swift; sourceTree = "<group>"; };
		E0BCFDF126C10C3F0026F5AC /* ConvertString.swift */ = {isa = PBXFileReference; lastKnownFileType = sourcecode.swift; path = ConvertString.swift; sourceTree = "<group>"; };
		E0BCFDF426C115460026F5AC /* MyAtoi.swift */ = {isa = PBXFileReference; lastKnownFileType = sourcecode.swift; path = MyAtoi.swift; sourceTree = "<group>"; };
		E0BCFDF726C141A20026F5AC /* RomanNumber.swift */ = {isa = PBXFileReference; lastKnownFileType = sourcecode.swift; path = RomanNumber.swift; sourceTree = "<group>"; };
		E0BCFF0B26C21A3C0026F5AC /* ArithmeticSlices.swift */ = {isa = PBXFileReference; lastKnownFileType = sourcecode.swift; path = ArithmeticSlices.swift; sourceTree = "<group>"; };
		E0BCFF0E26C25CD20026F5AC /* ThreeSumClosest.swift */ = {isa = PBXFileReference; lastKnownFileType = sourcecode.swift; path = ThreeSumClosest.swift; sourceTree = "<group>"; };
		E0BCFF1126C27DAC0026F5AC /* LetterCombinations.swift */ = {isa = PBXFileReference; lastKnownFileType = sourcecode.swift; path = LetterCombinations.swift; sourceTree = "<group>"; };
		E0BCFF1426C284BE0026F5AC /* RemoveNthFromEnd.swift */ = {isa = PBXFileReference; lastKnownFileType = sourcecode.swift; path = RemoveNthFromEnd.swift; sourceTree = "<group>"; };
		E0BCFF1726C294A60026F5AC /* ValidBrackets.swift */ = {isa = PBXFileReference; lastKnownFileType = sourcecode.swift; path = ValidBrackets.swift; sourceTree = "<group>"; };
		E0BCFF1A26C3A0120026F5AC /* IsPrefixString.swift */ = {isa = PBXFileReference; lastKnownFileType = sourcecode.swift; path = IsPrefixString.swift; sourceTree = "<group>"; };
		E0BCFF1D26C3BB870026F5AC /* RemoveDuplicates.swift */ = {isa = PBXFileReference; lastKnownFileType = sourcecode.swift; path = RemoveDuplicates.swift; sourceTree = "<group>"; wrapsLines = 0; };
		E0BCFF2026C4BB110026F5AC /* LongestPalindromeSubseq.swift */ = {isa = PBXFileReference; lastKnownFileType = sourcecode.swift; path = LongestPalindromeSubseq.swift; sourceTree = "<group>"; };
		E0BCFF2326C4F5020026F5AC /* SearchArray.swift */ = {isa = PBXFileReference; lastKnownFileType = sourcecode.swift; path = SearchArray.swift; sourceTree = "<group>"; };
		E0BCFF2626C50E4F0026F5AC /* IsValidSudoku.swift */ = {isa = PBXFileReference; lastKnownFileType = sourcecode.swift; path = IsValidSudoku.swift; sourceTree = "<group>"; };
		E0BCFF2926C5170A0026F5AC /* CountAndSay.swift */ = {isa = PBXFileReference; lastKnownFileType = sourcecode.swift; path = CountAndSay.swift; sourceTree = "<group>"; };
		E0BCFF2C26C521280026F5AC /* CombinationSum.swift */ = {isa = PBXFileReference; lastKnownFileType = sourcecode.swift; path = CombinationSum.swift; sourceTree = "<group>"; };
		E0BCFF2F26C523700026F5AC /* FirstMissingPositive.swift */ = {isa = PBXFileReference; lastKnownFileType = sourcecode.swift; path = FirstMissingPositive.swift; sourceTree = "<group>"; };
		E0BCFF6826C611E80026F5AC /* CountDigitOne.swift */ = {isa = PBXFileReference; lastKnownFileType = sourcecode.swift; path = CountDigitOne.swift; sourceTree = "<group>"; };
		E0BCFF6B26C646760026F5AC /* StringMultiply.swift */ = {isa = PBXFileReference; lastKnownFileType = sourcecode.swift; path = StringMultiply.swift; sourceTree = "<group>"; };
		E0BCFF6E26C64E370026F5AC /* RotateArray.swift */ = {isa = PBXFileReference; lastKnownFileType = sourcecode.swift; path = RotateArray.swift; sourceTree = "<group>"; };
/* End PBXFileReference section */

/* Begin PBXFrameworksBuildPhase section */
		E0BCFDC826C0C8050026F5AC /* Frameworks */ = {
			isa = PBXFrameworksBuildPhase;
			buildActionMask = 2147483647;
			files = (
			);
			runOnlyForDeploymentPostprocessing = 0;
		};
/* End PBXFrameworksBuildPhase section */

/* Begin PBXGroup section */
		E0BCFDC226C0C8050026F5AC = {
			isa = PBXGroup;
			children = (
				E0BCFDCD26C0C8050026F5AC /* Algorithm */,
				E0BCFDCC26C0C8050026F5AC /* Products */,
			);
			sourceTree = "<group>";
		};
		E0BCFDCC26C0C8050026F5AC /* Products */ = {
			isa = PBXGroup;
			children = (
				E0BCFDCB26C0C8050026F5AC /* Algorithm.app */,
			);
			name = Products;
			sourceTree = "<group>";
		};
		E0BCFDCD26C0C8050026F5AC /* Algorithm */ = {
			isa = PBXGroup;
			children = (
				E0BCFDCE26C0C8050026F5AC /* AppDelegate.swift */,
				E0BCFDD026C0C8050026F5AC /* SceneDelegate.swift */,
				E0BCFDD226C0C8050026F5AC /* ViewController.swift */,
				E0BCFDE326C0C82B0026F5AC /* IsUgly.swift */,
				E0BCFDEA26C0FF880026F5AC /* KWeakestRows.swift */,
				E0BCFDF126C10C3F0026F5AC /* ConvertString.swift */,
				E0BCFDF426C115460026F5AC /* MyAtoi.swift */,
				E0BCFDF726C141A20026F5AC /* RomanNumber.swift */,
				E0BCFF0B26C21A3C0026F5AC /* ArithmeticSlices.swift */,
				E0BCFF0E26C25CD20026F5AC /* ThreeSumClosest.swift */,
				E0BCFF1426C284BE0026F5AC /* RemoveNthFromEnd.swift */,
				E0BCFF1126C27DAC0026F5AC /* LetterCombinations.swift */,
				E0BCFF1726C294A60026F5AC /* ValidBrackets.swift */,
				E0BCFF1A26C3A0120026F5AC /* IsPrefixString.swift */,
				E0BCFF1D26C3BB870026F5AC /* RemoveDuplicates.swift */,
				E0BCFF2026C4BB110026F5AC /* LongestPalindromeSubseq.swift */,
				E0BCFF2326C4F5020026F5AC /* SearchArray.swift */,
				E0BCFF2626C50E4F0026F5AC /* IsValidSudoku.swift */,
				E0BCFF2926C5170A0026F5AC /* CountAndSay.swift */,
				E0BCFF2C26C521280026F5AC /* CombinationSum.swift */,
				E0BCFF2F26C523700026F5AC /* FirstMissingPositive.swift */,
				E0BCFF6826C611E80026F5AC /* CountDigitOne.swift */,
				E0BCFF6B26C646760026F5AC /* StringMultiply.swift */,
				E0BCFF6E26C64E370026F5AC /* RotateArray.swift */,
				E009B31B2A42FC2C0065A776 /* AddBinary.swift */,
				E009B31D2A47E41D0065A776 /* CheckOverlap.swift */,
				E009B31F2A4822510065A776 /* DeleteDuplicates.swift */,
				E009B3212A483D650065A776 /* IsSameTree.swift */,
				E0BCFDD426C0C8050026F5AC /* Main.storyboard */,
				E0BCFDD726C0C8080026F5AC /* Assets.xcassets */,
				E0BCFDD926C0C8080026F5AC /* LaunchScreen.storyboard */,
				E0BCFDDC26C0C8080026F5AC /* Info.plist */,
			);
			path = Algorithm;
			sourceTree = "<group>";
		};
/* End PBXGroup section */

/* Begin PBXNativeTarget section */
		E0BCFDCA26C0C8050026F5AC /* Algorithm */ = {
			isa = PBXNativeTarget;
			buildConfigurationList = E0BCFDDF26C0C8080026F5AC /* Build configuration list for PBXNativeTarget "Algorithm" */;
			buildPhases = (
				E0BCFDC726C0C8050026F5AC /* Sources */,
				E0BCFDC826C0C8050026F5AC /* Frameworks */,
				E0BCFDC926C0C8050026F5AC /* Resources */,
			);
			buildRules = (
			);
			dependencies = (
			);
			name = Algorithm;
			productName = Algorithm;
			productReference = E0BCFDCB26C0C8050026F5AC /* Algorithm.app */;
			productType = "com.apple.product-type.application";
		};
/* End PBXNativeTarget section */

/* Begin PBXProject section */
		E0BCFDC326C0C8050026F5AC /* Project object */ = {
			isa = PBXProject;
			attributes = {
				LastSwiftUpdateCheck = 1240;
				LastUpgradeCheck = 1240;
				TargetAttributes = {
					E0BCFDCA26C0C8050026F5AC = {
						CreatedOnToolsVersion = 12.4;
					};
				};
			};
			buildConfigurationList = E0BCFDC626C0C8050026F5AC /* Build configuration list for PBXProject "Algorithm" */;
			compatibilityVersion = "Xcode 9.3";
			developmentRegion = en;
			hasScannedForEncodings = 0;
			knownRegions = (
				en,
				Base,
			);
			mainGroup = E0BCFDC226C0C8050026F5AC;
			productRefGroup = E0BCFDCC26C0C8050026F5AC /* Products */;
			projectDirPath = "";
			projectRoot = "";
			targets = (
				E0BCFDCA26C0C8050026F5AC /* Algorithm */,
			);
		};
/* End PBXProject section */

/* Begin PBXResourcesBuildPhase section */
		E0BCFDC926C0C8050026F5AC /* Resources */ = {
			isa = PBXResourcesBuildPhase;
			buildActionMask = 2147483647;
			files = (
				E0BCFDDB26C0C8080026F5AC /* LaunchScreen.storyboard in Resources */,
				E0BCFDD826C0C8080026F5AC /* Assets.xcassets in Resources */,
				E0BCFDD626C0C8050026F5AC /* Main.storyboard in Resources */,
			);
			runOnlyForDeploymentPostprocessing = 0;
		};
/* End PBXResourcesBuildPhase section */

/* Begin PBXSourcesBuildPhase section */
		E0BCFDC726C0C8050026F5AC /* Sources */ = {
			isa = PBXSourcesBuildPhase;
			buildActionMask = 2147483647;
			files = (
				E0BCFF6926C611E80026F5AC /* CountDigitOne.swift in Sources */,
				E0BCFDE426C0C82B0026F5AC /* IsUgly.swift in Sources */,
				E0BCFF1826C294A60026F5AC /* ValidBrackets.swift in Sources */,
				E0BCFF2126C4BB110026F5AC /* LongestPalindromeSubseq.swift in Sources */,
				E0BCFDD326C0C8050026F5AC /* ViewController.swift in Sources */,
				E009B3222A483D650065A776 /* IsSameTree.swift in Sources */,
				E0BCFF0F26C25CD20026F5AC /* ThreeSumClosest.swift in Sources */,
				E0BCFF0C26C21A3C0026F5AC /* ArithmeticSlices.swift in Sources */,
				E009B31C2A42FC2C0065A776 /* AddBinary.swift in Sources */,
				E0BCFDF826C141A20026F5AC /* RomanNumber.swift in Sources */,
				E0BCFF1B26C3A0120026F5AC /* IsPrefixString.swift in Sources */,
				E0BCFDF226C10C3F0026F5AC /* ConvertString.swift in Sources */,
				E0BCFF3026C523700026F5AC /* FirstMissingPositive.swift in Sources */,
				E0BCFDCF26C0C8050026F5AC /* AppDelegate.swift in Sources */,
				E0BCFF2426C4F5020026F5AC /* SearchArray.swift in Sources */,
				E0BCFF2726C50E4F0026F5AC /* IsValidSudoku.swift in Sources */,
				E0BCFF1226C27DAD0026F5AC /* LetterCombinations.swift in Sources */,
				E0BCFF2A26C5170A0026F5AC /* CountAndSay.swift in Sources */,
				E0BCFF1E26C3BB870026F5AC /* RemoveDuplicates.swift in Sources */,
				E009B3202A4822510065A776 /* DeleteDuplicates.swift in Sources */,
				E009B31E2A47E41D0065A776 /* CheckOverlap.swift in Sources */,
				E0BCFF2D26C521280026F5AC /* CombinationSum.swift in Sources */,
				E0BCFF6F26C64E370026F5AC /* RotateArray.swift in Sources */,
				E0BCFF1526C284BE0026F5AC /* RemoveNthFromEnd.swift in Sources */,
				E0BCFDEB26C0FF880026F5AC /* KWeakestRows.swift in Sources */,
				E0BCFDD126C0C8050026F5AC /* SceneDelegate.swift in Sources */,
				E0BCFDF526C115460026F5AC /* MyAtoi.swift in Sources */,
				E0BCFF6C26C646760026F5AC /* StringMultiply.swift in Sources */,
			);
			runOnlyForDeploymentPostprocessing = 0;
		};
/* End PBXSourcesBuildPhase section */

/* Begin PBXVariantGroup section */
		E0BCFDD426C0C8050026F5AC /* Main.storyboard */ = {
			isa = PBXVariantGroup;
			children = (
				E0BCFDD526C0C8050026F5AC /* Base */,
			);
			name = Main.storyboard;
			sourceTree = "<group>";
		};
		E0BCFDD926C0C8080026F5AC /* LaunchScreen.storyboard */ = {
			isa = PBXVariantGroup;
			children = (
				E0BCFDDA26C0C8080026F5AC /* Base */,
			);
			name = LaunchScreen.storyboard;
			sourceTree = "<group>";
		};
/* End PBXVariantGroup section */

/* Begin XCBuildConfiguration section */
		E0BCFDDD26C0C8080026F5AC /* Debug */ = {
			isa = XCBuildConfiguration;
			buildSettings = {
				ALWAYS_SEARCH_USER_PATHS = NO;
				CLANG_ANALYZER_NONNULL = YES;
				CLANG_ANALYZER_NUMBER_OBJECT_CONVERSION = YES_AGGRESSIVE;
				CLANG_CXX_LANGUAGE_STANDARD = "gnu++14";
				CLANG_CXX_LIBRARY = "libc++";
				CLANG_ENABLE_MODULES = YES;
				CLANG_ENABLE_OBJC_ARC = YES;
				CLANG_ENABLE_OBJC_WEAK = YES;
				CLANG_WARN_BLOCK_CAPTURE_AUTORELEASING = YES;
				CLANG_WARN_BOOL_CONVERSION = YES;
				CLANG_WARN_COMMA = YES;
				CLANG_WARN_CONSTANT_CONVERSION = YES;
				CLANG_WARN_DEPRECATED_OBJC_IMPLEMENTATIONS = YES;
				CLANG_WARN_DIRECT_OBJC_ISA_USAGE = YES_ERROR;
				CLANG_WARN_DOCUMENTATION_COMMENTS = YES;
				CLANG_WARN_EMPTY_BODY = YES;
				CLANG_WARN_ENUM_CONVERSION = YES;
				CLANG_WARN_INFINITE_RECURSION = YES;
				CLANG_WARN_INT_CONVERSION = YES;
				CLANG_WARN_NON_LITERAL_NULL_CONVERSION = YES;
				CLANG_WARN_OBJC_IMPLICIT_RETAIN_SELF = YES;
				CLANG_WARN_OBJC_LITERAL_CONVERSION = YES;
				CLANG_WARN_OBJC_ROOT_CLASS = YES_ERROR;
				CLANG_WARN_QUOTED_INCLUDE_IN_FRAMEWORK_HEADER = YES;
				CLANG_WARN_RANGE_LOOP_ANALYSIS = YES;
				CLANG_WARN_STRICT_PROTOTYPES = YES;
				CLANG_WARN_SUSPICIOUS_MOVE = YES;
				CLANG_WARN_UNGUARDED_AVAILABILITY = YES_AGGRESSIVE;
				CLANG_WARN_UNREACHABLE_CODE = YES;
				CLANG_WARN__DUPLICATE_METHOD_MATCH = YES;
				COPY_PHASE_STRIP = NO;
				DEBUG_INFORMATION_FORMAT = dwarf;
				ENABLE_STRICT_OBJC_MSGSEND = YES;
				ENABLE_TESTABILITY = YES;
				GCC_C_LANGUAGE_STANDARD = gnu11;
				GCC_DYNAMIC_NO_PIC = NO;
				GCC_NO_COMMON_BLOCKS = YES;
				GCC_OPTIMIZATION_LEVEL = 0;
				GCC_PREPROCESSOR_DEFINITIONS = (
					"DEBUG=1",
					"$(inherited)",
				);
				GCC_WARN_64_TO_32_BIT_CONVERSION = YES;
				GCC_WARN_ABOUT_RETURN_TYPE = YES_ERROR;
				GCC_WARN_UNDECLARED_SELECTOR = YES;
				GCC_WARN_UNINITIALIZED_AUTOS = YES_AGGRESSIVE;
				GCC_WARN_UNUSED_FUNCTION = YES;
				GCC_WARN_UNUSED_VARIABLE = YES;
				IPHONEOS_DEPLOYMENT_TARGET = 14.4;
				MTL_ENABLE_DEBUG_INFO = INCLUDE_SOURCE;
				MTL_FAST_MATH = YES;
				ONLY_ACTIVE_ARCH = YES;
				SDKROOT = iphoneos;
				SWIFT_ACTIVE_COMPILATION_CONDITIONS = DEBUG;
				SWIFT_OPTIMIZATION_LEVEL = "-Onone";
			};
			name = Debug;
		};
		E0BCFDDE26C0C8080026F5AC /* Release */ = {
			isa = XCBuildConfiguration;
			buildSettings = {
				ALWAYS_SEARCH_USER_PATHS = NO;
				CLANG_ANALYZER_NONNULL = YES;
				CLANG_ANALYZER_NUMBER_OBJECT_CONVERSION = YES_AGGRESSIVE;
				CLANG_CXX_LANGUAGE_STANDARD = "gnu++14";
				CLANG_CXX_LIBRARY = "libc++";
				CLANG_ENABLE_MODULES = YES;
				CLANG_ENABLE_OBJC_ARC = YES;
				CLANG_ENABLE_OBJC_WEAK = YES;
				CLANG_WARN_BLOCK_CAPTURE_AUTORELEASING = YES;
				CLANG_WARN_BOOL_CONVERSION = YES;
				CLANG_WARN_COMMA = YES;
				CLANG_WARN_CONSTANT_CONVERSION = YES;
				CLANG_WARN_DEPRECATED_OBJC_IMPLEMENTATIONS = YES;
				CLANG_WARN_DIRECT_OBJC_ISA_USAGE = YES_ERROR;
				CLANG_WARN_DOCUMENTATION_COMMENTS = YES;
				CLANG_WARN_EMPTY_BODY = YES;
				CLANG_WARN_ENUM_CONVERSION = YES;
				CLANG_WARN_INFINITE_RECURSION = YES;
				CLANG_WARN_INT_CONVERSION = YES;
				CLANG_WARN_NON_LITERAL_NULL_CONVERSION = YES;
				CLANG_WARN_OBJC_IMPLICIT_RETAIN_SELF = YES;
				CLANG_WARN_OBJC_LITERAL_CONVERSION = YES;
				CLANG_WARN_OBJC_ROOT_CLASS = YES_ERROR;
				CLANG_WARN_QUOTED_INCLUDE_IN_FRAMEWORK_HEADER = YES;
				CLANG_WARN_RANGE_LOOP_ANALYSIS = YES;
				CLANG_WARN_STRICT_PROTOTYPES = YES;
				CLANG_WARN_SUSPICIOUS_MOVE = YES;
				CLANG_WARN_UNGUARDED_AVAILABILITY = YES_AGGRESSIVE;
				CLANG_WARN_UNREACHABLE_CODE = YES;
				CLANG_WARN__DUPLICATE_METHOD_MATCH = YES;
				COPY_PHASE_STRIP = NO;
				DEBUG_INFORMATION_FORMAT = "dwarf-with-dsym";
				ENABLE_NS_ASSERTIONS = NO;
				ENABLE_STRICT_OBJC_MSGSEND = YES;
				GCC_C_LANGUAGE_STANDARD = gnu11;
				GCC_NO_COMMON_BLOCKS = YES;
				GCC_WARN_64_TO_32_BIT_CONVERSION = YES;
				GCC_WARN_ABOUT_RETURN_TYPE = YES_ERROR;
				GCC_WARN_UNDECLARED_SELECTOR = YES;
				GCC_WARN_UNINITIALIZED_AUTOS = YES_AGGRESSIVE;
				GCC_WARN_UNUSED_FUNCTION = YES;
				GCC_WARN_UNUSED_VARIABLE = YES;
				IPHONEOS_DEPLOYMENT_TARGET = 14.4;
				MTL_ENABLE_DEBUG_INFO = NO;
				MTL_FAST_MATH = YES;
				SDKROOT = iphoneos;
				SWIFT_COMPILATION_MODE = wholemodule;
				SWIFT_OPTIMIZATION_LEVEL = "-O";
				VALIDATE_PRODUCT = YES;
			};
			name = Release;
		};
		E0BCFDE026C0C8080026F5AC /* Debug */ = {
			isa = XCBuildConfiguration;
			buildSettings = {
				ASSETCATALOG_COMPILER_APPICON_NAME = AppIcon;
				ASSETCATALOG_COMPILER_GLOBAL_ACCENT_COLOR_NAME = AccentColor;
				CODE_SIGN_STYLE = Automatic;
				DEVELOPMENT_TEAM = ZLTLFLF5BZ;
				INFOPLIST_FILE = Algorithm/Info.plist;
				LD_RUNPATH_SEARCH_PATHS = (
					"$(inherited)",
					"@executable_path/Frameworks",
				);
				PRODUCT_BUNDLE_IDENTIFIER = com.Algorithm;
				PRODUCT_NAME = "$(TARGET_NAME)";
				SWIFT_VERSION = 5.0;
				TARGETED_DEVICE_FAMILY = "1,2";
			};
			name = Debug;
		};
		E0BCFDE126C0C8080026F5AC /* Release */ = {
			isa = XCBuildConfiguration;
			buildSettings = {
				ASSETCATALOG_COMPILER_APPICON_NAME = AppIcon;
				ASSETCATALOG_COMPILER_GLOBAL_ACCENT_COLOR_NAME = AccentColor;
				CODE_SIGN_STYLE = Automatic;
				DEVELOPMENT_TEAM = ZLTLFLF5BZ;
				INFOPLIST_FILE = Algorithm/Info.plist;
				LD_RUNPATH_SEARCH_PATHS = (
					"$(inherited)",
					"@executable_path/Frameworks",
				);
				PRODUCT_BUNDLE_IDENTIFIER = com.Algorithm;
				PRODUCT_NAME = "$(TARGET_NAME)";
				SWIFT_VERSION = 5.0;
				TARGETED_DEVICE_FAMILY = "1,2";
			};
			name = Release;
		};
/* End XCBuildConfiguration section */

/* Begin XCConfigurationList section */
		E0BCFDC626C0C8050026F5AC /* Build configuration list for PBXProject "Algorithm" */ = {
			isa = XCConfigurationList;
			buildConfigurations = (
				E0BCFDDD26C0C8080026F5AC /* Debug */,
				E0BCFDDE26C0C8080026F5AC /* Release */,
			);
			defaultConfigurationIsVisible = 0;
			defaultConfigurationName = Release;
		};
		E0BCFDDF26C0C8080026F5AC /* Build configuration list for PBXNativeTarget "Algorithm" */ = {
			isa = XCConfigurationList;
			buildConfigurations = (
				E0BCFDE026C0C8080026F5AC /* Debug */,
				E0BCFDE126C0C8080026F5AC /* Release */,
			);
			defaultConfigurationIsVisible = 0;
			defaultConfigurationName = Release;
		};
/* End XCConfigurationList section */
	};
	rootObject = E0BCFDC326C0C8050026F5AC /* Project object */;
}
